<?xml version="1.0" encoding="utf-8"?>
<Project ToolsVersion="4.0" xmlns="http://schemas.microsoft.com/developer/msbuild/2003">
  <ItemGroup>
    <Filter Include="Source Files">
      <UniqueIdentifier>{4FC737F1-C7A5-4376-A066-2A32D752A2FF}</UniqueIdentifier>
      <Extensions>cpp;c;cc;cxx;c++;cppm;ixx;def;odl;idl;hpj;bat;asm;asmx</Extensions>
    </Filter>
    <Filter Include="Header Files">
      <UniqueIdentifier>{93995380-89BD-4b04-88EB-625FBE52EBFB}</UniqueIdentifier>
      <Extensions>h;hh;hpp;hxx;h++;hm;inl;inc;ipp;xsd</Extensions>
    </Filter>
    <Filter Include="Resource Files">
      <UniqueIdentifier>{67DA6AB6-F800-4c08-8B7A-83BB121AAD01}</UniqueIdentifier>
      <Extensions>rc;ico;cur;bmp;dlg;rc2;rct;bin;rgs;gif;jpg;jpeg;jpe;resx;tiff;tif;png;wav;mfcribbon-ms</Extensions>
    </Filter>
    <Filter Include="Source Files\Exports">
      <UniqueIdentifier>{26fb8715-0c85-4af7-9fc5-cd7f4f47024c}</UniqueIdentifier>
    </Filter>
    <Filter Include="Header Files\Exports">
      <UniqueIdentifier>{0a0c9b89-cc90-4cd7-a51e-1c7ca44eec03}</UniqueIdentifier>
    </Filter>
    <Filter Include="Header Files\Memory Utilities">
      <UniqueIdentifier>{c153b9cb-cde7-42be-9d96-dfab392512d2}</UniqueIdentifier>
    </Filter>
    <Filter Include="Source Files\Patches">
      <UniqueIdentifier>{9757a244-77e8-42d2-b27f-8eb07342bf15}</UniqueIdentifier>
    </Filter>
    <Filter Include="Header Files\Patches">
      <UniqueIdentifier>{cedb2a92-2dfc-4210-a305-192194eb5841}</UniqueIdentifier>
    </Filter>
  </ItemGroup>
  <ItemGroup>
    <ClCompile Include="src\LuaExport.cpp">
      <Filter>Source Files</Filter>
    </ClCompile>
    <ClCompile Include="src\dllmain.cpp">
      <Filter>Source Files</Filter>
    </ClCompile>
    <ClCompile Include="src\Environment.cpp">
      <Filter>Source Files\Exports</Filter>
    </ClCompile>
    <ClCompile Include="src\Reticle.cpp">
      <Filter>Source Files\Exports</Filter>
    </ClCompile>
    <ClCompile Include="src\Satellite.cpp">
      <Filter>Source Files\Exports</Filter>
    </ClCompile>
    <ClCompile Include="src\OS.h">
      <Filter>Header Files\Exports</Filter>
    </ClCompile>
    <ClCompile Include="src\OS.cpp">
      <Filter>Source Files\Exports</Filter>
    </ClCompile>
    <ClCompile Include="src\Radar.cpp">
      <Filter>Source Files\Exports</Filter>
    </ClCompile>
    <ClCompile Include="src\ControlPanel.cpp">
      <Filter>Source Files\Exports</Filter>
    </ClCompile>
    <ClCompile Include="src\BulletHitCallback.cpp">
      <Filter>Source Files\Patches</Filter>
    </ClCompile>
    <ClCompile Include="src\GameObject.cpp">
      <Filter>Source Files\Exports</Filter>
    </ClCompile>
    <ClCompile Include="src\Multiplayer.cpp">
      <Filter>Source Files\Exports</Filter>
    </ClCompile>
    <ClCompile Include="src\PlayOption.cpp">
      <Filter>Source Files\Exports</Filter>
    </ClCompile>
    <ClCompile Include="src\StockExtensions.cpp">
      <Filter>Source Files\Exports</Filter>
    </ClCompile>
    <ClCompile Include="src\Ordnance.cpp">
      <Filter>Source Files\Exports</Filter>
    </ClCompile>
    <ClCompile Include="src\SoundOptions.cpp">
      <Filter>Source Files\Exports</Filter>
    </ClCompile>
    <ClCompile Include="src\ShotConvergence.cpp">
      <Filter>Source Files\Patches</Filter>
    </ClCompile>
    <ClCompile Include="src\GlobalTurbo.cpp">
      <Filter>Source Files\Patches</Filter>
    </ClCompile>
    <ClCompile Include="src\Steam.cpp">
      <Filter>Source Files\Exports</Filter>
    </ClCompile>
    <ClCompile Include="src\IO.cpp">
      <Filter>Source Files\Exports</Filter>
    </ClCompile>
    <ClCompile Include="src\Camera.cpp">
      <Filter>Source Files\Exports</Filter>
    </ClCompile>
    <ClCompile Include="src\BulletInitCallback.cpp">
      <Filter>Source Files\Patches</Filter>
    </ClCompile>
    <ClCompile Include="src\OrdnanceVelocity.cpp">
      <Filter>Source Files\Patches</Filter>
    </ClCompile>
    <ClCompile Include="src\AddScrapCallback.cpp">
      <Filter>Source Files\Patches</Filter>
    </ClCompile>
    <ClCompile Include="src\Vec3.h">
      <Filter>Header Files</Filter>
    </ClCompile>
    <ClCompile Include="src\GraphicsOptions.cpp">
      <Filter>Source Files\Exports</Filter>
    </ClCompile>
    <ClCompile Include="src\KillMessages.cpp">
      <Filter>Source Files\Patches</Filter>
    </ClCompile>
  </ItemGroup>
  <ItemGroup>
    <ClInclude Include="src\About.h">
      <Filter>Header Files</Filter>
    </ClInclude>
    <ClInclude Include="src\BZR.h">
      <Filter>Header Files</Filter>
    </ClInclude>
    <ClInclude Include="src\LuaState.h">
      <Filter>Header Files</Filter>
    </ClInclude>
    <ClInclude Include="src\Environment.h">
      <Filter>Header Files\Exports</Filter>
    </ClInclude>
    <ClInclude Include="src\Hook.h">
      <Filter>Header Files\Memory Utilities</Filter>
    </ClInclude>
    <ClInclude Include="src\Scanner.h">
      <Filter>Header Files\Memory Utilities</Filter>
    </ClInclude>
    <ClInclude Include="src\Reticle.h">
      <Filter>Header Files\Exports</Filter>
    </ClInclude>
    <ClInclude Include="src\Satellite.h">
      <Filter>Header Files\Exports</Filter>
    </ClInclude>
    <ClInclude Include="src\Exports.h">
      <Filter>Header Files</Filter>
    </ClInclude>
    <ClInclude Include="src\LuaHelpers.h">
      <Filter>Header Files</Filter>
    </ClInclude>
    <ClInclude Include="src\ControlPanel.h">
      <Filter>Header Files\Exports</Filter>
    </ClInclude>
    <ClInclude Include="src\Radar.h">
      <Filter>Header Files\Exports</Filter>
    </ClInclude>
    <ClInclude Include="src\BasicPatch.h">
      <Filter>Header Files\Memory Utilities</Filter>
    </ClInclude>
    <ClInclude Include="src\InlinePatch.h">
      <Filter>Header Files\Memory Utilities</Filter>
    </ClInclude>
    <ClInclude Include="src\BulletHitCallback.h">
      <Filter>Header Files\Patches</Filter>
    </ClInclude>
    <ClInclude Include="src\Patches.h">
      <Filter>Header Files</Filter>
    </ClInclude>
    <ClInclude Include="src\GameObject.h">
      <Filter>Header Files\Exports</Filter>
    </ClInclude>
    <ClInclude Include="src\Multiplayer.h">
      <Filter>Header Files\Exports</Filter>
    </ClInclude>
    <ClInclude Include="src\PlayOption.h">
      <Filter>Header Files\Exports</Filter>
    </ClInclude>
    <ClInclude Include="src\StockExtensions.h">
      <Filter>Header Files\Exports</Filter>
    </ClInclude>
    <ClInclude Include="src\Ordnance.h">
      <Filter>Header Files\Exports</Filter>
    </ClInclude>
    <ClInclude Include="src\SoundOptions.h">
      <Filter>Header Files\Exports</Filter>
    </ClInclude>
    <ClInclude Include="src\BasicScanner.h">
      <Filter>Header Files\Memory Utilities</Filter>
    </ClInclude>
    <ClInclude Include="src\ShotConvergence.h">
      <Filter>Header Files\Patches</Filter>
    </ClInclude>
    <ClInclude Include="src\GlobalTurbo.h">
      <Filter>Header Files\Patches</Filter>
    </ClInclude>
    <ClInclude Include="src\Steam.h">
      <Filter>Header Files\Exports</Filter>
    </ClInclude>
    <ClInclude Include="src\IO.h">
      <Filter>Header Files\Exports</Filter>
    </ClInclude>
    <ClInclude Include="src\Camera.h">
      <Filter>Header Files\Exports</Filter>
    </ClInclude>
    <ClInclude Include="src\BulletInitCallback.h">
      <Filter>Header Files\Patches</Filter>
    </ClInclude>
    <ClInclude Include="src\OrdnanceVelocity.h">
      <Filter>Header Files\Patches</Filter>
    </ClInclude>
    <ClInclude Include="src\Ogre.h">
      <Filter>Header Files</Filter>
    </ClInclude>
    <ClInclude Include="src\AddScrapCallback.h">
      <Filter>Header Files\Patches</Filter>
    </ClInclude>
    <ClInclude Include="src\GraphicsOptions.h">
      <Filter>Header Files\Exports</Filter>
    </ClInclude>
    <ClInclude Include="src\VectorSpider.h">
      <Filter>Header Files\Memory Utilities</Filter>
    </ClInclude>
    <ClInclude Include="src\KillMessages.h">
      <Filter>Header Files\Patches</Filter>
    </ClInclude>
  </ItemGroup>
</Project>