
Microsoft Visual Studio Solution File, Format Version 12.00
# Visual Studio Version 17
VisualStudioVersion = 17.8.34408.163
MinimumVisualStudioVersion = 10.0.40219.1
Project("{8BC9CEB8-8B4A-11D0-8D11-00A0C91BC942}") = "ExtraUtilities", "ExtraUtilities.vcxproj", "{686F973B-64C2-43C3-9FD7-4FB6A6A7FAFA}"
EndProject
Project("{8BC9CEB8-8B4A-11D0-8D11-00A0C91BC942}") = "exu_imgui", "exu_imgui.vcxproj", "{577FD384-7F5B-45AF-9E94-D626E813E88C}"
EndProject
Global
	GlobalSection(SolutionConfigurationPlatforms) = preSolution
		Debug|x64 = Debug|x64
		Debug|x86 = Debug|x86
		Release|x64 = Release|x64
		Release|x86 = Release|x86
	EndGlobalSection
	GlobalSection(ProjectConfigurationPlatforms) = postSolution
		{686F973B-64C2-43C3-9FD7-4FB6A6A7FAFA}.Debug|x64.ActiveCfg = Debug|x64
		{686F973B-64C2-43C3-9FD7-4FB6A6A7FAFA}.Debug|x64.Build.0 = Debug|x64
		{686F973B-64C2-43C3-9FD7-4FB6A6A7FAFA}.Debug|x86.ActiveCfg = Debug|Win32
		{686F973B-64C2-43C3-9FD7-4FB6A6A7FAFA}.Debug|x86.Build.0 = Debug|Win32
		{686F973B-64C2-43C3-9FD7-4FB6A6A7FAFA}.Release|x64.ActiveCfg = Release|x64
		{686F973B-64C2-43C3-9FD7-4FB6A6A7FAFA}.Release|x64.Build.0 = Release|x64
		{686F973B-64C2-43C3-9FD7-4FB6A6A7FAFA}.Release|x86.ActiveCfg = Release|Win32
		{686F973B-64C2-43C3-9FD7-4FB6A6A7FAFA}.Release|x86.Build.0 = Release|Win32
		{577FD384-7F5B-45AF-9E94-D626E813E88C}.Debug|x64.ActiveCfg = Debug|x64
		{577FD384-7F5B-45AF-9E94-D626E813E88C}.Debug|x64.Build.0 = Debug|x64
		{577FD384-7F5B-45AF-9E94-D626E813E88C}.Debug|x86.ActiveCfg = Debug|Win32
		{577FD384-7F5B-45AF-9E94-D626E813E88C}.Debug|x86.Build.0 = Debug|Win32
		{577FD384-7F5B-45AF-9E94-D626E813E88C}.Release|x64.ActiveCfg = Release|x64
		{577FD384-7F5B-45AF-9E94-D626E813E88C}.Release|x64.Build.0 = Release|x64
		{577FD384-7F5B-45AF-9E94-D626E813E88C}.Release|x86.ActiveCfg = Release|Win32
		{577FD384-7F5B-45AF-9E94-D626E813E88C}.Release|x86.Build.0 = Release|Win32
	EndGlobalSection
	GlobalSection(SolutionProperties) = preSolution
		HideSolutionNode = FALSE
	EndGlobalSection
	GlobalSection(ExtensibilityGlobals) = postSolution
		SolutionGuid = {F83FF91B-FD41-486E-8154-E33E9E519AC4}
	EndGlobalSection
EndGlobal
