<?xml version="1.0" encoding="utf-8"?>
<Project ToolsVersion="4.0" xmlns="http://schemas.microsoft.com/developer/msbuild/2003">
  <ItemGroup>
    <Filter Include="Source Files">
      <UniqueIdentifier>{4FC737F1-C7A5-4376-A066-2A32D752A2FF}</UniqueIdentifier>
      <Extensions>cpp;c;cc;cxx;c++;cppm;ixx;def;odl;idl;hpj;bat;asm;asmx</Extensions>
    </Filter>
    <Filter Include="Header Files">
      <UniqueIdentifier>{93995380-89BD-4b04-88EB-625FBE52EBFB}</UniqueIdentifier>
      <Extensions>h;hh;hpp;hxx;h++;hm;inl;inc;ipp;xsd</Extensions>
    </Filter>
    <Filter Include="Resource Files">
      <UniqueIdentifier>{67DA6AB6-F800-4c08-8B7A-83BB121AAD01}</UniqueIdentifier>
      <Extensions>rc;ico;cur;bmp;dlg;rc2;rct;bin;rgs;gif;jpg;jpeg;jpe;resx;tiff;tif;png;wav;mfcribbon-ms</Extensions>
    </Filter>
    <Filter Include="Source Files\exu">
      <UniqueIdentifier>{6793a5b2-dfa7-4d21-a5e0-0631ab03da0f}</UniqueIdentifier>
    </Filter>
    <Filter Include="Source Files\minhook">
      <UniqueIdentifier>{2951fc2c-9efc-4e8e-910d-218f970a1e56}</UniqueIdentifier>
    </Filter>
    <Filter Include="Header Files\imgui">
      <UniqueIdentifier>{1b98a9d7-8f2d-4977-9a9a-b7c197c3b569}</UniqueIdentifier>
    </Filter>
    <Filter Include="Header Files\exu">
      <UniqueIdentifier>{a1adbcf0-6f85-4801-a673-19204c5c72fd}</UniqueIdentifier>
    </Filter>
    <Filter Include="Header Files\minhook">
      <UniqueIdentifier>{dd1a755d-6502-4dcf-9e94-709b54930400}</UniqueIdentifier>
    </Filter>
    <Filter Include="Source Files\openal">
      <UniqueIdentifier>{e27e72e2-0805-4da4-9225-0c1a50bf6ce4}</UniqueIdentifier>
    </Filter>
    <Filter Include="Header Files\openal">
      <UniqueIdentifier>{4ab5281a-83ff-4a4d-81c5-250111797476}</UniqueIdentifier>
    </Filter>
  </ItemGroup>
  <ItemGroup>
    <ClCompile Include="src\Audio.cpp">
      <Filter>Source Files\exu</Filter>
    </ClCompile>
    <ClCompile Include="src\bzfunc.cpp">
      <Filter>Source Files\exu</Filter>
    </ClCompile>
    <ClCompile Include="src\dllmain.cpp">
      <Filter>Source Files\exu</Filter>
    </ClCompile>
    <ClCompile Include="src\filesystem.cpp">
      <Filter>Source Files\exu</Filter>
    </ClCompile>
    <ClCompile Include="src\luaexport.cpp">
      <Filter>Source Files\exu</Filter>
    </ClCompile>
    <ClCompile Include="minhook\buffer.c">
      <Filter>Source Files\minhook</Filter>
    </ClCompile>
    <ClCompile Include="minhook\hde32.c">
      <Filter>Source Files\minhook</Filter>
    </ClCompile>
    <ClCompile Include="minhook\hook.c">
      <Filter>Source Files\minhook</Filter>
    </ClCompile>
    <ClCompile Include="minhook\trampoline.c">
      <Filter>Source Files\minhook</Filter>
    </ClCompile>
    <ClCompile Include="src\dx9hook.cpp">
      <Filter>Source Files\exu</Filter>
    </ClCompile>
    <ClCompile Include="src\gui.cpp">
      <Filter>Source Files\exu</Filter>
    </ClCompile>
    <ClCompile Include="src\asm.cpp">
      <Filter>Source Files\exu</Filter>
    </ClCompile>
    <ClCompile Include="src\usergui.cpp">
      <Filter>Source Files\exu</Filter>
    </ClCompile>
    <ClCompile Include="src\Memory.cpp">
      <Filter>Source Files\exu</Filter>
    </ClCompile>
  </ItemGroup>
  <ItemGroup>
    <ClInclude Include="src\Audio.h">
      <Filter>Header Files\exu</Filter>
    </ClInclude>
    <ClInclude Include="src\bzfunc.h">
      <Filter>Header Files\exu</Filter>
    </ClInclude>
    <ClInclude Include="src\bzr.h">
      <Filter>Header Files\exu</Filter>
    </ClInclude>
    <ClInclude Include="src\dx9hook.h">
      <Filter>Header Files\exu</Filter>
    </ClInclude>
    <ClInclude Include="src\gui.h">
      <Filter>Header Files\exu</Filter>
    </ClInclude>
    <ClInclude Include="src\filesystem.h">
      <Filter>Header Files\exu</Filter>
    </ClInclude>
    <ClInclude Include="minhook\buffer.h">
      <Filter>Header Files\minhook</Filter>
    </ClInclude>
    <ClInclude Include="minhook\hde32.h">
      <Filter>Header Files\minhook</Filter>
    </ClInclude>
    <ClInclude Include="minhook\MinHook.h">
      <Filter>Header Files\minhook</Filter>
    </ClInclude>
    <ClInclude Include="minhook\trampoline.h">
      <Filter>Header Files\minhook</Filter>
    </ClInclude>
    <ClInclude Include="src\Log.h">
      <Filter>Header Files\exu</Filter>
    </ClInclude>
    <ClInclude Include="src\Memory.h">
      <Filter>Header Files\exu</Filter>
    </ClInclude>
    <ClInclude Include="src\Offsets.h">
      <Filter>Header Files\exu</Filter>
    </ClInclude>
    <ClInclude Include="src\Hook.h">
      <Filter>Header Files\exu</Filter>
    </ClInclude>
    <ClInclude Include="src\asm.h">
      <Filter>Header Files\exu</Filter>
    </ClInclude>
    <ClInclude Include="src\Utils.h">
      <Filter>Header Files\exu</Filter>
    </ClInclude>
    <ClInclude Include="src\exumeta.h">
      <Filter>Header Files\exu</Filter>
    </ClInclude>
  </ItemGroup>
</Project>